
Microsoft Visual Studio Solution File, Format Version 12.00
# Visual Studio 2012
Project("{8BC9CEB8-8B4A-11D0-8D11-00A0C91BC942}") = "bx", "bx.vcxproj", "{5F775900-4B03-880B-B4B1-880BA05C880B}"
EndProject
Project("{8BC9CEB8-8B4A-11D0-8D11-00A0C91BC942}") = "bin2c", "bin2c.vcxproj", "{13D0270F-7FE4-4FC0-4866-F31FB4394CF1}"
	ProjectSection(ProjectDependencies) = postProject
		{5F775900-4B03-880B-B4B1-880BA05C880B} = {5F775900-4B03-880B-B4B1-880BA05C880B}
	EndProjectSection
EndProject
Project("{8BC9CEB8-8B4A-11D0-8D11-00A0C91BC942}") = "lemon", "lemon.vcxproj", "{4097DA0F-ACAB-02C1-752D-A620E100FFF1}"
EndProject
Project("{8BC9CEB8-8B4A-11D0-8D11-00A0C91BC942}") = "bx.test", "bx.test.vcxproj", "{CDAAF796-398A-7632-42A2-0109AE00DD93}"
	ProjectSection(ProjectDependencies) = postProject
		{5F775900-4B03-880B-B4B1-880BA05C880B} = {5F775900-4B03-880B-B4B1-880BA05C880B}
	EndProjectSection
EndProject
Project("{8BC9CEB8-8B4A-11D0-8D11-00A0C91BC942}") = "bx.bench", "bx.bench.vcxproj", "{4D34A774-3901-0280-621A-F0274E46370E}"
	ProjectSection(ProjectDependencies) = postProject
		{5F775900-4B03-880B-B4B1-880BA05C880B} = {5F775900-4B03-880B-B4B1-880BA05C880B}
	EndProjectSection
EndProject
Global
	GlobalSection(SolutionConfigurationPlatforms) = preSolution
		Debug|Win32 = Debug|Win32
		Debug|x64 = Debug|x64
		Release|Win32 = Release|Win32
		Release|x64 = Release|x64
	EndGlobalSection
	GlobalSection(ProjectConfigurationPlatforms) = postSolution
		{5F775900-4B03-880B-B4B1-880BA05C880B}.Debug|Win32.ActiveCfg = Debug|Win32
		{5F775900-4B03-880B-B4B1-880BA05C880B}.Debug|Win32.Build.0 = Debug|Win32
		{5F775900-4B03-880B-B4B1-880BA05C880B}.Debug|x64.ActiveCfg = Debug|x64
		{5F775900-4B03-880B-B4B1-880BA05C880B}.Debug|x64.Build.0 = Debug|x64
		{5F775900-4B03-880B-B4B1-880BA05C880B}.Release|Win32.ActiveCfg = Release|Win32
		{5F775900-4B03-880B-B4B1-880BA05C880B}.Release|Win32.Build.0 = Release|Win32
		{5F775900-4B03-880B-B4B1-880BA05C880B}.Release|x64.ActiveCfg = Release|x64
		{5F775900-4B03-880B-B4B1-880BA05C880B}.Release|x64.Build.0 = Release|x64
		{13D0270F-7FE4-4FC0-4866-F31FB4394CF1}.Debug|Win32.ActiveCfg = Debug|Win32
		{13D0270F-7FE4-4FC0-4866-F31FB4394CF1}.Debug|Win32.Build.0 = Debug|Win32
		{13D0270F-7FE4-4FC0-4866-F31FB4394CF1}.Debug|x64.ActiveCfg = Debug|x64
		{13D0270F-7FE4-4FC0-4866-F31FB4394CF1}.Debug|x64.Build.0 = Debug|x64
		{13D0270F-7FE4-4FC0-4866-F31FB4394CF1}.Release|Win32.ActiveCfg = Release|Win32
		{13D0270F-7FE4-4FC0-4866-F31FB4394CF1}.Release|Win32.Build.0 = Release|Win32
		{13D0270F-7FE4-4FC0-4866-F31FB4394CF1}.Release|x64.ActiveCfg = Release|x64
		{13D0270F-7FE4-4FC0-4866-F31FB4394CF1}.Release|x64.Build.0 = Release|x64
		{4097DA0F-ACAB-02C1-752D-A620E100FFF1}.Debug|Win32.ActiveCfg = Debug|Win32
		{4097DA0F-ACAB-02C1-752D-A620E100FFF1}.Debug|Win32.Build.0 = Debug|Win32
		{4097DA0F-ACAB-02C1-752D-A620E100FFF1}.Debug|x64.ActiveCfg = Debug|x64
		{4097DA0F-ACAB-02C1-752D-A620E100FFF1}.Debug|x64.Build.0 = Debug|x64
		{4097DA0F-ACAB-02C1-752D-A620E100FFF1}.Release|Win32.ActiveCfg = Release|Win32
		{4097DA0F-ACAB-02C1-752D-A620E100FFF1}.Release|Win32.Build.0 = Release|Win32
		{4097DA0F-ACAB-02C1-752D-A620E100FFF1}.Release|x64.ActiveCfg = Release|x64
		{4097DA0F-ACAB-02C1-752D-A620E100FFF1}.Release|x64.Build.0 = Release|x64
		{CDAAF796-398A-7632-42A2-0109AE00DD93}.Debug|Win32.ActiveCfg = Debug|Win32
		{CDAAF796-398A-7632-42A2-0109AE00DD93}.Debug|Win32.Build.0 = Debug|Win32
		{CDAAF796-398A-7632-42A2-0109AE00DD93}.Debug|x64.ActiveCfg = Debug|x64
		{CDAAF796-398A-7632-42A2-0109AE00DD93}.Debug|x64.Build.0 = Debug|x64
		{CDAAF796-398A-7632-42A2-0109AE00DD93}.Release|Win32.ActiveCfg = Release|Win32
		{CDAAF796-398A-7632-42A2-0109AE00DD93}.Release|Win32.Build.0 = Release|Win32
		{CDAAF796-398A-7632-42A2-0109AE00DD93}.Release|x64.ActiveCfg = Release|x64
		{CDAAF796-398A-7632-42A2-0109AE00DD93}.Release|x64.Build.0 = Release|x64
		{4D34A774-3901-0280-621A-F0274E46370E}.Debug|Win32.ActiveCfg = Debug|Win32
		{4D34A774-3901-0280-621A-F0274E46370E}.Debug|Win32.Build.0 = Debug|Win32
		{4D34A774-3901-0280-621A-F0274E46370E}.Debug|x64.ActiveCfg = Debug|x64
		{4D34A774-3901-0280-621A-F0274E46370E}.Debug|x64.Build.0 = Debug|x64
		{4D34A774-3901-0280-621A-F0274E46370E}.Release|Win32.ActiveCfg = Release|Win32
		{4D34A774-3901-0280-621A-F0274E46370E}.Release|Win32.Build.0 = Release|Win32
		{4D34A774-3901-0280-621A-F0274E46370E}.Release|x64.ActiveCfg = Release|x64
		{4D34A774-3901-0280-621A-F0274E46370E}.Release|x64.Build.0 = Release|x64
	EndGlobalSection
	GlobalSection(SolutionProperties) = preSolution
		HideSolutionNode = FALSE
	EndGlobalSection
	GlobalSection(NestedProjects) = preSolution
	EndGlobalSection
EndGlobal
